
Microsoft Visual Studio Solution File, Format Version 12.00
# Visual Studio Version 17
VisualStudioVersion = 17.4.33205.214
MinimumVisualStudioVersion = 10.0.40219.1
Project("{FAE04EC0-301F-11D3-BF4B-00C04F79EFBC}") = "Workshop.Functions", "Workshop.Functions\Workshop.Functions.csproj", "{51A504A8-443C-49C0-9C20-56EC58D7D646}"
EndProject
Global
	GlobalSection(SolutionConfigurationPlatforms) = preSolution
		Debug|Any CPU = Debug|Any CPU
		Release|Any CPU = Release|Any CPU
	EndGlobalSection
	GlobalSection(ProjectConfigurationPlatforms) = postSolution
		{51A504A8-443C-49C0-9C20-56EC58D7D646}.Debug|Any CPU.ActiveCfg = Debug|Any CPU
		{51A504A8-443C-49C0-9C20-56EC58D7D646}.Debug|Any CPU.Build.0 = Debug|Any CPU
		{51A504A8-443C-49C0-9C20-56EC58D7D646}.Release|Any CPU.ActiveCfg = Release|Any CPU
		{51A504A8-443C-49C0-9C20-56EC58D7D646}.Release|Any CPU.Build.0 = Release|Any CPU
	EndGlobalSection
	GlobalSection(SolutionProperties) = preSolution
		HideSolutionNode = FALSE
	EndGlobalSection
	GlobalSection(ExtensibilityGlobals) = postSolution
		SolutionGuid = {E927B90D-5882-4201-B590-6A5915586B95}
	EndGlobalSection
EndGlobal
